
Microsoft Visual Studio Solution File, Format Version 12.00
# Visual Studio 15
VisualStudioVersion = 15.0.28307.1231
MinimumVisualStudioVersion = 10.0.40219.1
Project("{FAE04EC0-301F-11D3-BF4B-00C04F79EFBC}") = "Sender", "Sender\Sender.csproj", "{AA1E84E0-3555-469A-B548-16833DAEEFE3}"
EndProject
Project("{9A19103F-16F7-4668-BE54-9A1E7A4F7556}") = "Sender.Tests", "Sender.Tests\Sender.Tests.csproj", "{10128D5D-F5CB-4504-91C5-A1B8D6E13092}"
EndProject
Project("{FAE04EC0-301F-11D3-BF4B-00C04F79EFBC}") = "Receiver", "Receiver\Receiver.csproj", "{01AF5815-C5D6-4DB0-9F03-E85A0DA1C756}"
EndProject
Project("{FAE04EC0-301F-11D3-BF4B-00C04F79EFBC}") = "Receiver.Tests", "Receiver.Tests\Receiver.Tests.csproj", "{38B409AF-136D-4F2A-8C1E-B13A45128B3B}"
EndProject
Global
	GlobalSection(SolutionConfigurationPlatforms) = preSolution
		Debug|Any CPU = Debug|Any CPU
		Release|Any CPU = Release|Any CPU
	EndGlobalSection
	GlobalSection(ProjectConfigurationPlatforms) = postSolution
		{AA1E84E0-3555-469A-B548-16833DAEEFE3}.Debug|Any CPU.ActiveCfg = Debug|Any CPU
		{AA1E84E0-3555-469A-B548-16833DAEEFE3}.Debug|Any CPU.Build.0 = Debug|Any CPU
		{AA1E84E0-3555-469A-B548-16833DAEEFE3}.Release|Any CPU.ActiveCfg = Release|Any CPU
		{AA1E84E0-3555-469A-B548-16833DAEEFE3}.Release|Any CPU.Build.0 = Release|Any CPU
		{10128D5D-F5CB-4504-91C5-A1B8D6E13092}.Debug|Any CPU.ActiveCfg = Debug|Any CPU
		{10128D5D-F5CB-4504-91C5-A1B8D6E13092}.Debug|Any CPU.Build.0 = Debug|Any CPU
		{10128D5D-F5CB-4504-91C5-A1B8D6E13092}.Release|Any CPU.ActiveCfg = Release|Any CPU
		{10128D5D-F5CB-4504-91C5-A1B8D6E13092}.Release|Any CPU.Build.0 = Release|Any CPU
		{01AF5815-C5D6-4DB0-9F03-E85A0DA1C756}.Debug|Any CPU.ActiveCfg = Debug|Any CPU
		{01AF5815-C5D6-4DB0-9F03-E85A0DA1C756}.Debug|Any CPU.Build.0 = Debug|Any CPU
		{01AF5815-C5D6-4DB0-9F03-E85A0DA1C756}.Release|Any CPU.ActiveCfg = Release|Any CPU
		{01AF5815-C5D6-4DB0-9F03-E85A0DA1C756}.Release|Any CPU.Build.0 = Release|Any CPU
		{38B409AF-136D-4F2A-8C1E-B13A45128B3B}.Debug|Any CPU.ActiveCfg = Debug|Any CPU
		{38B409AF-136D-4F2A-8C1E-B13A45128B3B}.Debug|Any CPU.Build.0 = Debug|Any CPU
		{38B409AF-136D-4F2A-8C1E-B13A45128B3B}.Release|Any CPU.ActiveCfg = Release|Any CPU
		{38B409AF-136D-4F2A-8C1E-B13A45128B3B}.Release|Any CPU.Build.0 = Release|Any CPU
	EndGlobalSection
	GlobalSection(SolutionProperties) = preSolution
		HideSolutionNode = FALSE
	EndGlobalSection
	GlobalSection(ExtensibilityGlobals) = postSolution
		SolutionGuid = {861B668C-1798-489D-A6BB-BE5C20A268BC}
	EndGlobalSection
EndGlobal
